
Microsoft Visual Studio Solution File, Format Version 12.00
# Visual Studio Version 16
VisualStudioVersion = 16.0.29709.97
MinimumVisualStudioVersion = 10.0.40219.1
Project("{8BC9CEB8-8B4A-11D0-8D11-00A0C91BC942}") = "QuickSort", "QuickSort.vcxproj", "{178729A1-5831-4DD1-A829-A9512AB787CD}"
EndProject
Global
	GlobalSection(SolutionConfigurationPlatforms) = preSolution
		Debug|x64 = Debug|x64
		Debug|x86 = Debug|x86
		Release|x64 = Release|x64
		Release|x86 = Release|x86
	EndGlobalSection
	GlobalSection(ProjectConfigurationPlatforms) = postSolution
		{178729A1-5831-4DD1-A829-A9512AB787CD}.Debug|x64.ActiveCfg = Debug|x64
		{178729A1-5831-4DD1-A829-A9512AB787CD}.Debug|x64.Build.0 = Debug|x64
		{178729A1-5831-4DD1-A829-A9512AB787CD}.Debug|x86.ActiveCfg = Debug|Win32
		{178729A1-5831-4DD1-A829-A9512AB787CD}.Debug|x86.Build.0 = Debug|Win32
		{178729A1-5831-4DD1-A829-A9512AB787CD}.Release|x64.ActiveCfg = Release|x64
		{178729A1-5831-4DD1-A829-A9512AB787CD}.Release|x64.Build.0 = Release|x64
		{178729A1-5831-4DD1-A829-A9512AB787CD}.Release|x86.ActiveCfg = Release|Win32
		{178729A1-5831-4DD1-A829-A9512AB787CD}.Release|x86.Build.0 = Release|Win32
	EndGlobalSection
	GlobalSection(SolutionProperties) = preSolution
		HideSolutionNode = FALSE
	EndGlobalSection
	GlobalSection(ExtensibilityGlobals) = postSolution
		SolutionGuid = {14607D8E-8D58-4A71-87FF-6C8E5E54A977}
	EndGlobalSection
EndGlobal
