
Microsoft Visual Studio Solution File, Format Version 12.00
# Visual Studio Version 16
VisualStudioVersion = 16.0.29709.97
MinimumVisualStudioVersion = 10.0.40219.1
Project("{8BC9CEB8-8B4A-11D0-8D11-00A0C91BC942}") = "lab8-9", "lab8-9\lab8-9.vcxproj", "{5AC0FA63-C287-4072-BB50-74CB8C5ABD71}"
EndProject
Global
	GlobalSection(SolutionConfigurationPlatforms) = preSolution
		Debug|x64 = Debug|x64
		Debug|x86 = Debug|x86
		Release|x64 = Release|x64
		Release|x86 = Release|x86
	EndGlobalSection
	GlobalSection(ProjectConfigurationPlatforms) = postSolution
		{5AC0FA63-C287-4072-BB50-74CB8C5ABD71}.Debug|x64.ActiveCfg = Debug|x64
		{5AC0FA63-C287-4072-BB50-74CB8C5ABD71}.Debug|x64.Build.0 = Debug|x64
		{5AC0FA63-C287-4072-BB50-74CB8C5ABD71}.Debug|x86.ActiveCfg = Debug|Win32
		{5AC0FA63-C287-4072-BB50-74CB8C5ABD71}.Debug|x86.Build.0 = Debug|Win32
		{5AC0FA63-C287-4072-BB50-74CB8C5ABD71}.Release|x64.ActiveCfg = Release|x64
		{5AC0FA63-C287-4072-BB50-74CB8C5ABD71}.Release|x64.Build.0 = Release|x64
		{5AC0FA63-C287-4072-BB50-74CB8C5ABD71}.Release|x86.ActiveCfg = Release|Win32
		{5AC0FA63-C287-4072-BB50-74CB8C5ABD71}.Release|x86.Build.0 = Release|Win32
	EndGlobalSection
	GlobalSection(SolutionProperties) = preSolution
		HideSolutionNode = FALSE
	EndGlobalSection
	GlobalSection(ExtensibilityGlobals) = postSolution
		SolutionGuid = {5DC45EA8-E018-49CA-AB6F-8C7ACD6FCFA0}
	EndGlobalSection
EndGlobal
